
Microsoft Visual Studio Solution File, Format Version 12.00
# Visual Studio 15
VisualStudioVersion = 15.0.28307.1321
MinimumVisualStudioVersion = 10.0.40219.1
Project("{FAE04EC0-301F-11D3-BF4B-00C04F79EFBC}") = "Interfaces", "..\Interfaces\Interfaces.csproj", "{C1B03EDF-1C26-44CF-A8A5-ED9D6DF942FD}"
EndProject
Project("{FAE04EC0-301F-11D3-BF4B-00C04F79EFBC}") = "ServerLib", "ServerLib\ServerLib.csproj", "{6955AE83-CBCB-4D59-9667-901E6EBE1CEB}"
EndProject
Project("{FAE04EC0-301F-11D3-BF4B-00C04F79EFBC}") = "ExtendClass", "PacketClass\ExtendClass.csproj", "{AAA5C678-3506-44E1-90C0-B66ABD95EA0B}"
EndProject
Project("{FAE04EC0-301F-11D3-BF4B-00C04F79EFBC}") = "ServerUI", "..\ServerUI\ServerUI.csproj", "{BC90C2AC-454B-4B8E-B28B-075DA5836D9A}"
EndProject
Project("{FAE04EC0-301F-11D3-BF4B-00C04F79EFBC}") = "Enums", "Enums\Enums.csproj", "{C0EA8A0A-8AB5-4B99-AE3B-F18F5D8D65EA}"
EndProject
Global
	GlobalSection(SolutionConfigurationPlatforms) = preSolution
		Debug|Any CPU = Debug|Any CPU
		Release|Any CPU = Release|Any CPU
	EndGlobalSection
	GlobalSection(ProjectConfigurationPlatforms) = postSolution
		{C1B03EDF-1C26-44CF-A8A5-ED9D6DF942FD}.Debug|Any CPU.ActiveCfg = Debug|Any CPU
		{C1B03EDF-1C26-44CF-A8A5-ED9D6DF942FD}.Debug|Any CPU.Build.0 = Debug|Any CPU
		{C1B03EDF-1C26-44CF-A8A5-ED9D6DF942FD}.Release|Any CPU.ActiveCfg = Release|Any CPU
		{C1B03EDF-1C26-44CF-A8A5-ED9D6DF942FD}.Release|Any CPU.Build.0 = Release|Any CPU
		{6955AE83-CBCB-4D59-9667-901E6EBE1CEB}.Debug|Any CPU.ActiveCfg = Debug|Any CPU
		{6955AE83-CBCB-4D59-9667-901E6EBE1CEB}.Debug|Any CPU.Build.0 = Debug|Any CPU
		{6955AE83-CBCB-4D59-9667-901E6EBE1CEB}.Release|Any CPU.ActiveCfg = Release|Any CPU
		{6955AE83-CBCB-4D59-9667-901E6EBE1CEB}.Release|Any CPU.Build.0 = Release|Any CPU
		{AAA5C678-3506-44E1-90C0-B66ABD95EA0B}.Debug|Any CPU.ActiveCfg = Debug|Any CPU
		{AAA5C678-3506-44E1-90C0-B66ABD95EA0B}.Debug|Any CPU.Build.0 = Debug|Any CPU
		{AAA5C678-3506-44E1-90C0-B66ABD95EA0B}.Release|Any CPU.ActiveCfg = Release|Any CPU
		{AAA5C678-3506-44E1-90C0-B66ABD95EA0B}.Release|Any CPU.Build.0 = Release|Any CPU
		{BC90C2AC-454B-4B8E-B28B-075DA5836D9A}.Debug|Any CPU.ActiveCfg = Debug|Any CPU
		{BC90C2AC-454B-4B8E-B28B-075DA5836D9A}.Debug|Any CPU.Build.0 = Debug|Any CPU
		{BC90C2AC-454B-4B8E-B28B-075DA5836D9A}.Release|Any CPU.ActiveCfg = Release|Any CPU
		{BC90C2AC-454B-4B8E-B28B-075DA5836D9A}.Release|Any CPU.Build.0 = Release|Any CPU
		{C0EA8A0A-8AB5-4B99-AE3B-F18F5D8D65EA}.Debug|Any CPU.ActiveCfg = Debug|Any CPU
		{C0EA8A0A-8AB5-4B99-AE3B-F18F5D8D65EA}.Debug|Any CPU.Build.0 = Debug|Any CPU
		{C0EA8A0A-8AB5-4B99-AE3B-F18F5D8D65EA}.Release|Any CPU.ActiveCfg = Release|Any CPU
		{C0EA8A0A-8AB5-4B99-AE3B-F18F5D8D65EA}.Release|Any CPU.Build.0 = Release|Any CPU
	EndGlobalSection
	GlobalSection(SolutionProperties) = preSolution
		HideSolutionNode = FALSE
	EndGlobalSection
	GlobalSection(ExtensibilityGlobals) = postSolution
		SolutionGuid = {02C1DD3D-B41B-4996-A5E9-F59ED0AC0F83}
	EndGlobalSection
EndGlobal
